
Microsoft Visual Studio Solution File, Format Version 12.00
# Visual Studio Version 16
VisualStudioVersion = 16.0.32802.440
MinimumVisualStudioVersion = 10.0.40219.1
Project("{8BC9CEB8-8B4A-11D0-8D11-00A0C91BC942}") = "Project1", "Project1\Project1.vcxproj", "{356BFF00-CDC6-4363-96A7-40166047EBD2}"
EndProject
Project("{8BC9CEB8-8B4A-11D0-8D11-00A0C91BC942}") = "Project2", "Project2\Project2.vcxproj", "{9379CA6C-16BF-4518-BDEC-DC4B3D26B74B}"
EndProject
Project("{8BC9CEB8-8B4A-11D0-8D11-00A0C91BC942}") = "Project3", "Project3\Project3.vcxproj", "{AF1CBFE2-DBEA-4042-AECE-BB4CF85B9A11}"
EndProject
Global
	GlobalSection(SolutionConfigurationPlatforms) = preSolution
		Debug|x64 = Debug|x64
		Debug|x86 = Debug|x86
		Release|x64 = Release|x64
		Release|x86 = Release|x86
	EndGlobalSection
	GlobalSection(ProjectConfigurationPlatforms) = postSolution
		{356BFF00-CDC6-4363-96A7-40166047EBD2}.Debug|x64.ActiveCfg = Debug|x64
		{356BFF00-CDC6-4363-96A7-40166047EBD2}.Debug|x64.Build.0 = Debug|x64
		{356BFF00-CDC6-4363-96A7-40166047EBD2}.Debug|x86.ActiveCfg = Debug|Win32
		{356BFF00-CDC6-4363-96A7-40166047EBD2}.Debug|x86.Build.0 = Debug|Win32
		{356BFF00-CDC6-4363-96A7-40166047EBD2}.Release|x64.ActiveCfg = Release|x64
		{356BFF00-CDC6-4363-96A7-40166047EBD2}.Release|x64.Build.0 = Release|x64
		{356BFF00-CDC6-4363-96A7-40166047EBD2}.Release|x86.ActiveCfg = Release|Win32
		{356BFF00-CDC6-4363-96A7-40166047EBD2}.Release|x86.Build.0 = Release|Win32
		{9379CA6C-16BF-4518-BDEC-DC4B3D26B74B}.Debug|x64.ActiveCfg = Debug|x64
		{9379CA6C-16BF-4518-BDEC-DC4B3D26B74B}.Debug|x64.Build.0 = Debug|x64
		{9379CA6C-16BF-4518-BDEC-DC4B3D26B74B}.Debug|x86.ActiveCfg = Debug|Win32
		{9379CA6C-16BF-4518-BDEC-DC4B3D26B74B}.Debug|x86.Build.0 = Debug|Win32
		{9379CA6C-16BF-4518-BDEC-DC4B3D26B74B}.Release|x64.ActiveCfg = Release|x64
		{9379CA6C-16BF-4518-BDEC-DC4B3D26B74B}.Release|x64.Build.0 = Release|x64
		{9379CA6C-16BF-4518-BDEC-DC4B3D26B74B}.Release|x86.ActiveCfg = Release|Win32
		{9379CA6C-16BF-4518-BDEC-DC4B3D26B74B}.Release|x86.Build.0 = Release|Win32
		{AF1CBFE2-DBEA-4042-AECE-BB4CF85B9A11}.Debug|x64.ActiveCfg = Debug|x64
		{AF1CBFE2-DBEA-4042-AECE-BB4CF85B9A11}.Debug|x64.Build.0 = Debug|x64
		{AF1CBFE2-DBEA-4042-AECE-BB4CF85B9A11}.Debug|x86.ActiveCfg = Debug|Win32
		{AF1CBFE2-DBEA-4042-AECE-BB4CF85B9A11}.Debug|x86.Build.0 = Debug|Win32
		{AF1CBFE2-DBEA-4042-AECE-BB4CF85B9A11}.Release|x64.ActiveCfg = Release|x64
		{AF1CBFE2-DBEA-4042-AECE-BB4CF85B9A11}.Release|x64.Build.0 = Release|x64
		{AF1CBFE2-DBEA-4042-AECE-BB4CF85B9A11}.Release|x86.ActiveCfg = Release|Win32
		{AF1CBFE2-DBEA-4042-AECE-BB4CF85B9A11}.Release|x86.Build.0 = Release|Win32
	EndGlobalSection
	GlobalSection(SolutionProperties) = preSolution
		HideSolutionNode = FALSE
	EndGlobalSection
	GlobalSection(ExtensibilityGlobals) = postSolution
		SolutionGuid = {E5D67607-09C1-4896-BFB3-537AA27D3944}
	EndGlobalSection
EndGlobal
